// !$*UTF8*$!
{
	archiveVersion = 1;
	classes = {
	};
	objectVersion = 50;
	objects = {

/* Begin PBXBuildFile section */
		AC3BE4CD2380CF930036BDAE /* asteroid.mp4 in Resources */ = {isa = PBXBuildFile; fileRef = AC3BE4CC2380CF930036BDAE /* asteroid.mp4 */; };
		AC3BE4CF2380D70C0036BDAE /* VideoPlayerViewController.swift in Sources */ = {isa = PBXBuildFile; fileRef = AC3BE4CE2380D70C0036BDAE /* VideoPlayerViewController.swift */; };
		AC3BE4D123810FA50036BDAE /* MissionImpactDetails1.swift in Sources */ = {isa = PBXBuildFile; fileRef = AC3BE4D023810FA50036BDAE /* MissionImpactDetails1.swift */; };
		AC3BE4D32381125E0036BDAE /* MissionImpactDetails2.swift in Sources */ = {isa = PBXBuildFile; fileRef = AC3BE4D22381125E0036BDAE /* MissionImpactDetails2.swift */; };
		AC3BE4D5238114FF0036BDAE /* MissionImpactDetails3.swift in Sources */ = {isa = PBXBuildFile; fileRef = AC3BE4D4238114FF0036BDAE /* MissionImpactDetails3.swift */; };
		AC3BE4D7238118100036BDAE /* CameraView1.swift in Sources */ = {isa = PBXBuildFile; fileRef = AC3BE4D6238118100036BDAE /* CameraView1.swift */; };
		AC3BE4D9238118CF0036BDAE /* MissionImpactMathScreen.swift in Sources */ = {isa = PBXBuildFile; fileRef = AC3BE4D8238118CF0036BDAE /* MissionImpactMathScreen.swift */; };
		AC3BE4DB23811B3E0036BDAE /* MissionImpactMathCalcScreen.swift in Sources */ = {isa = PBXBuildFile; fileRef = AC3BE4DA23811B3E0036BDAE /* MissionImpactMathCalcScreen.swift */; };
		AC3BE4DD238128290036BDAE /* MissionImpactLaunchScreen.swift in Sources */ = {isa = PBXBuildFile; fileRef = AC3BE4DC238128290036BDAE /* MissionImpactLaunchScreen.swift */; };
		AC3BE4DF238128C00036BDAE /* MissionImpactFinale.swift in Sources */ = {isa = PBXBuildFile; fileRef = AC3BE4DE238128C00036BDAE /* MissionImpactFinale.swift */; };
		AC3BE4E1238130410036BDAE /* MissionSoundWaveHomeScreen.swift in Sources */ = {isa = PBXBuildFile; fileRef = AC3BE4E0238130410036BDAE /* MissionSoundWaveHomeScreen.swift */; };
		AC3BE4E32381316E0036BDAE /* MissionSoundWaveDetails1.swift in Sources */ = {isa = PBXBuildFile; fileRef = AC3BE4E22381316E0036BDAE /* MissionSoundWaveDetails1.swift */; };
		AC3BE4E52381322D0036BDAE /* MissionSoundWaveAccessAudio.swift in Sources */ = {isa = PBXBuildFile; fileRef = AC3BE4E42381322D0036BDAE /* MissionSoundWaveAccessAudio.swift */; };
		AC3BE4E7238133300036BDAE /* MissionSoundWaveShowWave1.swift in Sources */ = {isa = PBXBuildFile; fileRef = AC3BE4E6238133300036BDAE /* MissionSoundWaveShowWave1.swift */; };
		AC3BE4E9238133A30036BDAE /* MissionSoundWaveEncode.swift in Sources */ = {isa = PBXBuildFile; fileRef = AC3BE4E8238133A30036BDAE /* MissionSoundWaveEncode.swift */; };
		AC3BE4EB238134800036BDAE /* MissionSoundWaveCompareDetails.swift in Sources */ = {isa = PBXBuildFile; fileRef = AC3BE4EA238134800036BDAE /* MissionSoundWaveCompareDetails.swift */; };
		AC3BE4ED238135240036BDAE /* MissionSoundWaveAR2.swift in Sources */ = {isa = PBXBuildFile; fileRef = AC3BE4EC238135240036BDAE /* MissionSoundWaveAR2.swift */; };
		AC3BE4EF238135350036BDAE /* MissionSoundWaveFinale.swift in Sources */ = {isa = PBXBuildFile; fileRef = AC3BE4EE238135350036BDAE /* MissionSoundWaveFinale.swift */; };
		AC3E6DAE237E690900D2EDC7 /* SelectMissionScreen.swift in Sources */ = {isa = PBXBuildFile; fileRef = AC3E6DAD237E690900D2EDC7 /* SelectMissionScreen.swift */; };
		AC9E30D1237E5F9100F79DE1 /* AppDelegate.swift in Sources */ = {isa = PBXBuildFile; fileRef = AC9E30D0237E5F9100F79DE1 /* AppDelegate.swift */; };
		AC9E30D3237E5F9100F79DE1 /* SceneDelegate.swift in Sources */ = {isa = PBXBuildFile; fileRef = AC9E30D2237E5F9100F79DE1 /* SceneDelegate.swift */; };
		AC9E30D5237E5F9100F79DE1 /* ContentView.swift in Sources */ = {isa = PBXBuildFile; fileRef = AC9E30D4237E5F9100F79DE1 /* ContentView.swift */; };
		AC9E30D7237E5F9700F79DE1 /* Assets.xcassets in Resources */ = {isa = PBXBuildFile; fileRef = AC9E30D6237E5F9700F79DE1 /* Assets.xcassets */; };
		AC9E30DA237E5F9700F79DE1 /* Preview Assets.xcassets in Resources */ = {isa = PBXBuildFile; fileRef = AC9E30D9237E5F9700F79DE1 /* Preview Assets.xcassets */; };
		AC9E30DD237E5F9700F79DE1 /* LaunchScreen.storyboard in Resources */ = {isa = PBXBuildFile; fileRef = AC9E30DB237E5F9700F79DE1 /* LaunchScreen.storyboard */; };
		AC9E30E8237E5F9700F79DE1 /* SASTests.swift in Sources */ = {isa = PBXBuildFile; fileRef = AC9E30E7237E5F9700F79DE1 /* SASTests.swift */; };
		AC9E30F3237E5F9800F79DE1 /* SASUITests.swift in Sources */ = {isa = PBXBuildFile; fileRef = AC9E30F2237E5F9800F79DE1 /* SASUITests.swift */; };
		ACA89162237F1C480068754C /* MissionImpactWelcomeScreen.swift in Sources */ = {isa = PBXBuildFile; fileRef = ACA89161237F1C480068754C /* MissionImpactWelcomeScreen.swift */; };
		ACA89164237F6CFA0068754C /* MissionImpactVideoScreen.swift in Sources */ = {isa = PBXBuildFile; fileRef = ACA89163237F6CFA0068754C /* MissionImpactVideoScreen.swift */; };
		ACA89166237F705F0068754C /* Main.storyboard in Resources */ = {isa = PBXBuildFile; fileRef = ACA89165237F705F0068754C /* Main.storyboard */; };
/* End PBXBuildFile section */

/* Begin PBXContainerItemProxy section */
		AC9E30E4237E5F9700F79DE1 /* PBXContainerItemProxy */ = {
			isa = PBXContainerItemProxy;
			containerPortal = AC9E30C5237E5F9100F79DE1 /* Project object */;
			proxyType = 1;
			remoteGlobalIDString = AC9E30CC237E5F9100F79DE1;
			remoteInfo = SAS;
		};
		AC9E30EF237E5F9700F79DE1 /* PBXContainerItemProxy */ = {
			isa = PBXContainerItemProxy;
			containerPortal = AC9E30C5237E5F9100F79DE1 /* Project object */;
			proxyType = 1;
			remoteGlobalIDString = AC9E30CC237E5F9100F79DE1;
			remoteInfo = SAS;
		};
/* End PBXContainerItemProxy section */

/* Begin PBXFileReference section */
		AC3BE4CC2380CF930036BDAE /* asteroid.mp4 */ = {isa = PBXFileReference; lastKnownFileType = file; name = asteroid.mp4; path = ../../../Downloads/asteroid.mp4; sourceTree = "<group>"; };
		AC3BE4CE2380D70C0036BDAE /* VideoPlayerViewController.swift */ = {isa = PBXFileReference; lastKnownFileType = sourcecode.swift; path = VideoPlayerViewController.swift; sourceTree = "<group>"; };
		AC3BE4D023810FA50036BDAE /* MissionImpactDetails1.swift */ = {isa = PBXFileReference; lastKnownFileType = sourcecode.swift; path = MissionImpactDetails1.swift; sourceTree = "<group>"; };
		AC3BE4D22381125E0036BDAE /* MissionImpactDetails2.swift */ = {isa = PBXFileReference; lastKnownFileType = sourcecode.swift; path = MissionImpactDetails2.swift; sourceTree = "<group>"; };
		AC3BE4D4238114FF0036BDAE /* MissionImpactDetails3.swift */ = {isa = PBXFileReference; lastKnownFileType = sourcecode.swift; path = MissionImpactDetails3.swift; sourceTree = "<group>"; };
		AC3BE4D6238118100036BDAE /* CameraView1.swift */ = {isa = PBXFileReference; lastKnownFileType = sourcecode.swift; path = CameraView1.swift; sourceTree = "<group>"; };
		AC3BE4D8238118CF0036BDAE /* MissionImpactMathScreen.swift */ = {isa = PBXFileReference; lastKnownFileType = sourcecode.swift; path = MissionImpactMathScreen.swift; sourceTree = "<group>"; };
		AC3BE4DA23811B3E0036BDAE /* MissionImpactMathCalcScreen.swift */ = {isa = PBXFileReference; lastKnownFileType = sourcecode.swift; path = MissionImpactMathCalcScreen.swift; sourceTree = "<group>"; };
		AC3BE4DC238128290036BDAE /* MissionImpactLaunchScreen.swift */ = {isa = PBXFileReference; lastKnownFileType = sourcecode.swift; path = MissionImpactLaunchScreen.swift; sourceTree = "<group>"; };
		AC3BE4DE238128C00036BDAE /* MissionImpactFinale.swift */ = {isa = PBXFileReference; lastKnownFileType = sourcecode.swift; path = MissionImpactFinale.swift; sourceTree = "<group>"; };
		AC3BE4E0238130410036BDAE /* MissionSoundWaveHomeScreen.swift */ = {isa = PBXFileReference; lastKnownFileType = sourcecode.swift; path = MissionSoundWaveHomeScreen.swift; sourceTree = "<group>"; };
		AC3BE4E22381316E0036BDAE /* MissionSoundWaveDetails1.swift */ = {isa = PBXFileReference; lastKnownFileType = sourcecode.swift; path = MissionSoundWaveDetails1.swift; sourceTree = "<group>"; };
		AC3BE4E42381322D0036BDAE /* MissionSoundWaveAccessAudio.swift */ = {isa = PBXFileReference; lastKnownFileType = sourcecode.swift; path = MissionSoundWaveAccessAudio.swift; sourceTree = "<group>"; };
		AC3BE4E6238133300036BDAE /* MissionSoundWaveShowWave1.swift */ = {isa = PBXFileReference; lastKnownFileType = sourcecode.swift; path = MissionSoundWaveShowWave1.swift; sourceTree = "<group>"; };
		AC3BE4E8238133A30036BDAE /* MissionSoundWaveEncode.swift */ = {isa = PBXFileReference; lastKnownFileType = sourcecode.swift; path = MissionSoundWaveEncode.swift; sourceTree = "<group>"; };
		AC3BE4EA238134800036BDAE /* MissionSoundWaveCompareDetails.swift */ = {isa = PBXFileReference; lastKnownFileType = sourcecode.swift; path = MissionSoundWaveCompareDetails.swift; sourceTree = "<group>"; };
		AC3BE4EC238135240036BDAE /* MissionSoundWaveAR2.swift */ = {isa = PBXFileReference; lastKnownFileType = sourcecode.swift; path = MissionSoundWaveAR2.swift; sourceTree = "<group>"; };
		AC3BE4EE238135350036BDAE /* MissionSoundWaveFinale.swift */ = {isa = PBXFileReference; lastKnownFileType = sourcecode.swift; path = MissionSoundWaveFinale.swift; sourceTree = "<group>"; };
		AC3E6DAD237E690900D2EDC7 /* SelectMissionScreen.swift */ = {isa = PBXFileReference; lastKnownFileType = sourcecode.swift; path = SelectMissionScreen.swift; sourceTree = "<group>"; };
		AC9E30CD237E5F9100F79DE1 /* SAS.app */ = {isa = PBXFileReference; explicitFileType = wrapper.application; includeInIndex = 0; path = SAS.app; sourceTree = BUILT_PRODUCTS_DIR; };
		AC9E30D0237E5F9100F79DE1 /* AppDelegate.swift */ = {isa = PBXFileReference; lastKnownFileType = sourcecode.swift; path = AppDelegate.swift; sourceTree = "<group>"; };
		AC9E30D2237E5F9100F79DE1 /* SceneDelegate.swift */ = {isa = PBXFileReference; lastKnownFileType = sourcecode.swift; path = SceneDelegate.swift; sourceTree = "<group>"; };
		AC9E30D4237E5F9100F79DE1 /* ContentView.swift */ = {isa = PBXFileReference; lastKnownFileType = sourcecode.swift; path = ContentView.swift; sourceTree = "<group>"; };
		AC9E30D6237E5F9700F79DE1 /* Assets.xcassets */ = {isa = PBXFileReference; lastKnownFileType = folder.assetcatalog; path = Assets.xcassets; sourceTree = "<group>"; };
		AC9E30D9237E5F9700F79DE1 /* Preview Assets.xcassets */ = {isa = PBXFileReference; lastKnownFileType = folder.assetcatalog; path = "Preview Assets.xcassets"; sourceTree = "<group>"; };
		AC9E30DC237E5F9700F79DE1 /* Base */ = {isa = PBXFileReference; lastKnownFileType = file.storyboard; name = Base; path = Base.lproj/LaunchScreen.storyboard; sourceTree = "<group>"; };
		AC9E30DE237E5F9700F79DE1 /* Info.plist */ = {isa = PBXFileReference; lastKnownFileType = text.plist.xml; path = Info.plist; sourceTree = "<group>"; };
		AC9E30E3237E5F9700F79DE1 /* SASTests.xctest */ = {isa = PBXFileReference; explicitFileType = wrapper.cfbundle; includeInIndex = 0; path = SASTests.xctest; sourceTree = BUILT_PRODUCTS_DIR; };
		AC9E30E7237E5F9700F79DE1 /* SASTests.swift */ = {isa = PBXFileReference; lastKnownFileType = sourcecode.swift; path = SASTests.swift; sourceTree = "<group>"; };
		AC9E30E9237E5F9700F79DE1 /* Info.plist */ = {isa = PBXFileReference; lastKnownFileType = text.plist.xml; path = Info.plist; sourceTree = "<group>"; };
		AC9E30EE237E5F9700F79DE1 /* SASUITests.xctest */ = {isa = PBXFileReference; explicitFileType = wrapper.cfbundle; includeInIndex = 0; path = SASUITests.xctest; sourceTree = BUILT_PRODUCTS_DIR; };
		AC9E30F2237E5F9800F79DE1 /* SASUITests.swift */ = {isa = PBXFileReference; lastKnownFileType = sourcecode.swift; path = SASUITests.swift; sourceTree = "<group>"; };
		AC9E30F4237E5F9800F79DE1 /* Info.plist */ = {isa = PBXFileReference; lastKnownFileType = text.plist.xml; path = Info.plist; sourceTree = "<group>"; };
		ACA89161237F1C480068754C /* MissionImpactWelcomeScreen.swift */ = {isa = PBXFileReference; lastKnownFileType = sourcecode.swift; path = MissionImpactWelcomeScreen.swift; sourceTree = "<group>"; };
		ACA89163237F6CFA0068754C /* MissionImpactVideoScreen.swift */ = {isa = PBXFileReference; lastKnownFileType = sourcecode.swift; path = MissionImpactVideoScreen.swift; sourceTree = "<group>"; };
		ACA89165237F705F0068754C /* Main.storyboard */ = {isa = PBXFileReference; lastKnownFileType = file.storyboard; path = Main.storyboard; sourceTree = "<group>"; };
/* End PBXFileReference section */

/* Begin PBXFrameworksBuildPhase section */
		AC9E30CA237E5F9100F79DE1 /* Frameworks */ = {
			isa = PBXFrameworksBuildPhase;
			buildActionMask = 2147483647;
			files = (
			);
			runOnlyForDeploymentPostprocessing = 0;
		};
		AC9E30E0237E5F9700F79DE1 /* Frameworks */ = {
			isa = PBXFrameworksBuildPhase;
			buildActionMask = 2147483647;
			files = (
			);
			runOnlyForDeploymentPostprocessing = 0;
		};
		AC9E30EB237E5F9700F79DE1 /* Frameworks */ = {
			isa = PBXFrameworksBuildPhase;
			buildActionMask = 2147483647;
			files = (
			);
			runOnlyForDeploymentPostprocessing = 0;
		};
/* End PBXFrameworksBuildPhase section */

/* Begin PBXGroup section */
		AC9E30C4237E5F9100F79DE1 = {
			isa = PBXGroup;
			children = (
				AC9E30CF237E5F9100F79DE1 /* SAS */,
				AC9E30E6237E5F9700F79DE1 /* SASTests */,
				AC9E30F1237E5F9700F79DE1 /* SASUITests */,
				AC9E30CE237E5F9100F79DE1 /* Products */,
			);
			sourceTree = "<group>";
		};
		AC9E30CE237E5F9100F79DE1 /* Products */ = {
			isa = PBXGroup;
			children = (
				AC9E30CD237E5F9100F79DE1 /* SAS.app */,
				AC9E30E3237E5F9700F79DE1 /* SASTests.xctest */,
				AC9E30EE237E5F9700F79DE1 /* SASUITests.xctest */,
			);
			name = Products;
			sourceTree = "<group>";
		};
		AC9E30CF237E5F9100F79DE1 /* SAS */ = {
			isa = PBXGroup;
			children = (
				AC9E30D0237E5F9100F79DE1 /* AppDelegate.swift */,
				AC9E30D2237E5F9100F79DE1 /* SceneDelegate.swift */,
				AC9E30D4237E5F9100F79DE1 /* ContentView.swift */,
				AC3E6DAD237E690900D2EDC7 /* SelectMissionScreen.swift */,
				ACA89161237F1C480068754C /* MissionImpactWelcomeScreen.swift */,
				AC9E30DB237E5F9700F79DE1 /* LaunchScreen.storyboard */,
				ACA89163237F6CFA0068754C /* MissionImpactVideoScreen.swift */,
				AC3BE4D8238118CF0036BDAE /* MissionImpactMathScreen.swift */,
				AC3BE4D6238118100036BDAE /* CameraView1.swift */,
				AC3BE4D4238114FF0036BDAE /* MissionImpactDetails3.swift */,
				AC3BE4D22381125E0036BDAE /* MissionImpactDetails2.swift */,
				AC3BE4D023810FA50036BDAE /* MissionImpactDetails1.swift */,
				AC3BE4DA23811B3E0036BDAE /* MissionImpactMathCalcScreen.swift */,
				AC3BE4DE238128C00036BDAE /* MissionImpactFinale.swift */,
				AC3BE4DC238128290036BDAE /* MissionImpactLaunchScreen.swift */,
				ACA89165237F705F0068754C /* Main.storyboard */,
				AC3BE4EC238135240036BDAE /* MissionSoundWaveAR2.swift */,
				AC3BE4EE238135350036BDAE /* MissionSoundWaveFinale.swift */,
				AC3BE4EA238134800036BDAE /* MissionSoundWaveCompareDetails.swift */,
				AC3BE4E8238133A30036BDAE /* MissionSoundWaveEncode.swift */,
				AC3BE4E6238133300036BDAE /* MissionSoundWaveShowWave1.swift */,
				AC3BE4E42381322D0036BDAE /* MissionSoundWaveAccessAudio.swift */,
				AC3BE4E22381316E0036BDAE /* MissionSoundWaveDetails1.swift */,
				AC3BE4E0238130410036BDAE /* MissionSoundWaveHomeScreen.swift */,
				AC9E30D6237E5F9700F79DE1 /* Assets.xcassets */,
				AC3BE4CC2380CF930036BDAE /* asteroid.mp4 */,
				AC9E30DE237E5F9700F79DE1 /* Info.plist */,
				AC9E30D8237E5F9700F79DE1 /* Preview Content */,
				AC3BE4CE2380D70C0036BDAE /* VideoPlayerViewController.swift */,
			);
			path = SAS;
			sourceTree = "<group>";
		};
		AC9E30D8237E5F9700F79DE1 /* Preview Content */ = {
			isa = PBXGroup;
			children = (
				AC9E30D9237E5F9700F79DE1 /* Preview Assets.xcassets */,
			);
			path = "Preview Content";
			sourceTree = "<group>";
		};
		AC9E30E6237E5F9700F79DE1 /* SASTests */ = {
			isa = PBXGroup;
			children = (
				AC9E30E7237E5F9700F79DE1 /* SASTests.swift */,
				AC9E30E9237E5F9700F79DE1 /* Info.plist */,
			);
			path = SASTests;
			sourceTree = "<group>";
		};
		AC9E30F1237E5F9700F79DE1 /* SASUITests */ = {
			isa = PBXGroup;
			children = (
				AC9E30F2237E5F9800F79DE1 /* SASUITests.swift */,
				AC9E30F4237E5F9800F79DE1 /* Info.plist */,
			);
			path = SASUITests;
			sourceTree = "<group>";
		};
/* End PBXGroup section */

/* Begin PBXNativeTarget section */
		AC9E30CC237E5F9100F79DE1 /* SAS */ = {
			isa = PBXNativeTarget;
			buildConfigurationList = AC9E30F7237E5F9800F79DE1 /* Build configuration list for PBXNativeTarget "SAS" */;
			buildPhases = (
				AC9E30C9237E5F9100F79DE1 /* Sources */,
				AC9E30CA237E5F9100F79DE1 /* Frameworks */,
				AC9E30CB237E5F9100F79DE1 /* Resources */,
			);
			buildRules = (
			);
			dependencies = (
			);
			name = SAS;
			productName = SAS;
			productReference = AC9E30CD237E5F9100F79DE1 /* SAS.app */;
			productType = "com.apple.product-type.application";
		};
		AC9E30E2237E5F9700F79DE1 /* SASTests */ = {
			isa = PBXNativeTarget;
			buildConfigurationList = AC9E30FA237E5F9800F79DE1 /* Build configuration list for PBXNativeTarget "SASTests" */;
			buildPhases = (
				AC9E30DF237E5F9700F79DE1 /* Sources */,
				AC9E30E0237E5F9700F79DE1 /* Frameworks */,
				AC9E30E1237E5F9700F79DE1 /* Resources */,
			);
			buildRules = (
			);
			dependencies = (
				AC9E30E5237E5F9700F79DE1 /* PBXTargetDependency */,
			);
			name = SASTests;
			productName = SASTests;
			productReference = AC9E30E3237E5F9700F79DE1 /* SASTests.xctest */;
			productType = "com.apple.product-type.bundle.unit-test";
		};
		AC9E30ED237E5F9700F79DE1 /* SASUITests */ = {
			isa = PBXNativeTarget;
			buildConfigurationList = AC9E30FD237E5F9800F79DE1 /* Build configuration list for PBXNativeTarget "SASUITests" */;
			buildPhases = (
				AC9E30EA237E5F9700F79DE1 /* Sources */,
				AC9E30EB237E5F9700F79DE1 /* Frameworks */,
				AC9E30EC237E5F9700F79DE1 /* Resources */,
			);
			buildRules = (
			);
			dependencies = (
				AC9E30F0237E5F9700F79DE1 /* PBXTargetDependency */,
			);
			name = SASUITests;
			productName = SASUITests;
			productReference = AC9E30EE237E5F9700F79DE1 /* SASUITests.xctest */;
			productType = "com.apple.product-type.bundle.ui-testing";
		};
/* End PBXNativeTarget section */

/* Begin PBXProject section */
		AC9E30C5237E5F9100F79DE1 /* Project object */ = {
			isa = PBXProject;
			attributes = {
				LastSwiftUpdateCheck = 1110;
				LastUpgradeCheck = 1110;
				ORGANIZATIONNAME = "Lauren Saxton";
				TargetAttributes = {
					AC9E30CC237E5F9100F79DE1 = {
						CreatedOnToolsVersion = 11.1;
					};
					AC9E30E2237E5F9700F79DE1 = {
						CreatedOnToolsVersion = 11.1;
						TestTargetID = AC9E30CC237E5F9100F79DE1;
					};
					AC9E30ED237E5F9700F79DE1 = {
						CreatedOnToolsVersion = 11.1;
						TestTargetID = AC9E30CC237E5F9100F79DE1;
					};
				};
			};
			buildConfigurationList = AC9E30C8237E5F9100F79DE1 /* Build configuration list for PBXProject "SAS" */;
			compatibilityVersion = "Xcode 9.3";
			developmentRegion = en;
			hasScannedForEncodings = 0;
			knownRegions = (
				en,
				Base,
			);
			mainGroup = AC9E30C4237E5F9100F79DE1;
			productRefGroup = AC9E30CE237E5F9100F79DE1 /* Products */;
			projectDirPath = "";
			projectRoot = "";
			targets = (
				AC9E30CC237E5F9100F79DE1 /* SAS */,
				AC9E30E2237E5F9700F79DE1 /* SASTests */,
				AC9E30ED237E5F9700F79DE1 /* SASUITests */,
			);
		};
/* End PBXProject section */

/* Begin PBXResourcesBuildPhase section */
		AC9E30CB237E5F9100F79DE1 /* Resources */ = {
			isa = PBXResourcesBuildPhase;
			buildActionMask = 2147483647;
			files = (
				AC9E30DD237E5F9700F79DE1 /* LaunchScreen.storyboard in Resources */,
				AC3BE4CD2380CF930036BDAE /* asteroid.mp4 in Resources */,
				AC9E30DA237E5F9700F79DE1 /* Preview Assets.xcassets in Resources */,
				AC9E30D7237E5F9700F79DE1 /* Assets.xcassets in Resources */,
				ACA89166237F705F0068754C /* Main.storyboard in Resources */,
			);
			runOnlyForDeploymentPostprocessing = 0;
		};
		AC9E30E1237E5F9700F79DE1 /* Resources */ = {
			isa = PBXResourcesBuildPhase;
			buildActionMask = 2147483647;
			files = (
			);
			runOnlyForDeploymentPostprocessing = 0;
		};
		AC9E30EC237E5F9700F79DE1 /* Resources */ = {
			isa = PBXResourcesBuildPhase;
			buildActionMask = 2147483647;
			files = (
			);
			runOnlyForDeploymentPostprocessing = 0;
		};
/* End PBXResourcesBuildPhase section */

/* Begin PBXSourcesBuildPhase section */
		AC9E30C9237E5F9100F79DE1 /* Sources */ = {
			isa = PBXSourcesBuildPhase;
			buildActionMask = 2147483647;
			files = (
				ACA89162237F1C480068754C /* MissionImpactWelcomeScreen.swift in Sources */,
				AC3BE4D5238114FF0036BDAE /* MissionImpactDetails3.swift in Sources */,
				AC9E30D1237E5F9100F79DE1 /* AppDelegate.swift in Sources */,
				AC3BE4E32381316E0036BDAE /* MissionSoundWaveDetails1.swift in Sources */,
				ACA89164237F6CFA0068754C /* MissionImpactVideoScreen.swift in Sources */,
				AC3BE4E1238130410036BDAE /* MissionSoundWaveHomeScreen.swift in Sources */,
				AC3BE4EF238135350036BDAE /* MissionSoundWaveFinale.swift in Sources */,
				AC3BE4E7238133300036BDAE /* MissionSoundWaveShowWave1.swift in Sources */,
				AC3BE4E52381322D0036BDAE /* MissionSoundWaveAccessAudio.swift in Sources */,
				AC3BE4CF2380D70C0036BDAE /* VideoPlayerViewController.swift in Sources */,
				AC3BE4DD238128290036BDAE /* MissionImpactLaunchScreen.swift in Sources */,
				AC9E30D3237E5F9100F79DE1 /* SceneDelegate.swift in Sources */,
				AC3BE4D32381125E0036BDAE /* MissionImpactDetails2.swift in Sources */,
				AC3BE4D123810FA50036BDAE /* MissionImpactDetails1.swift in Sources */,
				AC3BE4DF238128C00036BDAE /* MissionImpactFinale.swift in Sources */,
				AC3BE4EB238134800036BDAE /* MissionSoundWaveCompareDetails.swift in Sources */,
				AC3BE4DB23811B3E0036BDAE /* MissionImpactMathCalcScreen.swift in Sources */,
				AC3BE4E9238133A30036BDAE /* MissionSoundWaveEncode.swift in Sources */,
				AC3BE4ED238135240036BDAE /* MissionSoundWaveAR2.swift in Sources */,
				AC3BE4D7238118100036BDAE /* CameraView1.swift in Sources */,
				AC3E6DAE237E690900D2EDC7 /* SelectMissionScreen.swift in Sources */,
				AC3BE4D9238118CF0036BDAE /* MissionImpactMathScreen.swift in Sources */,
				AC9E30D5237E5F9100F79DE1 /* ContentView.swift in Sources */,
			);
			runOnlyForDeploymentPostprocessing = 0;
		};
		AC9E30DF237E5F9700F79DE1 /* Sources */ = {
			isa = PBXSourcesBuildPhase;
			buildActionMask = 2147483647;
			files = (
				AC9E30E8237E5F9700F79DE1 /* SASTests.swift in Sources */,
			);
			runOnlyForDeploymentPostprocessing = 0;
		};
		AC9E30EA237E5F9700F79DE1 /* Sources */ = {
			isa = PBXSourcesBuildPhase;
			buildActionMask = 2147483647;
			files = (
				AC9E30F3237E5F9800F79DE1 /* SASUITests.swift in Sources */,
			);
			runOnlyForDeploymentPostprocessing = 0;
		};
/* End PBXSourcesBuildPhase section */

/* Begin PBXTargetDependency section */
		AC9E30E5237E5F9700F79DE1 /* PBXTargetDependency */ = {
			isa = PBXTargetDependency;
			target = AC9E30CC237E5F9100F79DE1 /* SAS */;
			targetProxy = AC9E30E4237E5F9700F79DE1 /* PBXContainerItemProxy */;
		};
		AC9E30F0237E5F9700F79DE1 /* PBXTargetDependency */ = {
			isa = PBXTargetDependency;
			target = AC9E30CC237E5F9100F79DE1 /* SAS */;
			targetProxy = AC9E30EF237E5F9700F79DE1 /* PBXContainerItemProxy */;
		};
/* End PBXTargetDependency section */

/* Begin PBXVariantGroup section */
		AC9E30DB237E5F9700F79DE1 /* LaunchScreen.storyboard */ = {
			isa = PBXVariantGroup;
			children = (
				AC9E30DC237E5F9700F79DE1 /* Base */,
			);
			name = LaunchScreen.storyboard;
			sourceTree = "<group>";
		};
/* End PBXVariantGroup section */

/* Begin XCBuildConfiguration section */
		AC9E30F5237E5F9800F79DE1 /* Debug */ = {
			isa = XCBuildConfiguration;
			buildSettings = {
				ALWAYS_SEARCH_USER_PATHS = NO;
				CLANG_ANALYZER_NONNULL = YES;
				CLANG_ANALYZER_NUMBER_OBJECT_CONVERSION = YES_AGGRESSIVE;
				CLANG_CXX_LANGUAGE_STANDARD = "gnu++14";
				CLANG_CXX_LIBRARY = "libc++";
				CLANG_ENABLE_MODULES = YES;
				CLANG_ENABLE_OBJC_ARC = YES;
				CLANG_ENABLE_OBJC_WEAK = YES;
				CLANG_WARN_BLOCK_CAPTURE_AUTORELEASING = YES;
				CLANG_WARN_BOOL_CONVERSION = YES;
				CLANG_WARN_COMMA = YES;
				CLANG_WARN_CONSTANT_CONVERSION = YES;
				CLANG_WARN_DEPRECATED_OBJC_IMPLEMENTATIONS = YES;
				CLANG_WARN_DIRECT_OBJC_ISA_USAGE = YES_ERROR;
				CLANG_WARN_DOCUMENTATION_COMMENTS = YES;
				CLANG_WARN_EMPTY_BODY = YES;
				CLANG_WARN_ENUM_CONVERSION = YES;
				CLANG_WARN_INFINITE_RECURSION = YES;
				CLANG_WARN_INT_CONVERSION = YES;
				CLANG_WARN_NON_LITERAL_NULL_CONVERSION = YES;
				CLANG_WARN_OBJC_IMPLICIT_RETAIN_SELF = YES;
				CLANG_WARN_OBJC_LITERAL_CONVERSION = YES;
				CLANG_WARN_OBJC_ROOT_CLASS = YES_ERROR;
				CLANG_WARN_RANGE_LOOP_ANALYSIS = YES;
				CLANG_WARN_STRICT_PROTOTYPES = YES;
				CLANG_WARN_SUSPICIOUS_MOVE = YES;
				CLANG_WARN_UNGUARDED_AVAILABILITY = YES_AGGRESSIVE;
				CLANG_WARN_UNREACHABLE_CODE = YES;
				CLANG_WARN__DUPLICATE_METHOD_MATCH = YES;
				COPY_PHASE_STRIP = NO;
				DEBUG_INFORMATION_FORMAT = dwarf;
				ENABLE_STRICT_OBJC_MSGSEND = YES;
				ENABLE_TESTABILITY = YES;
				GCC_C_LANGUAGE_STANDARD = gnu11;
				GCC_DYNAMIC_NO_PIC = NO;
				GCC_NO_COMMON_BLOCKS = YES;
				GCC_OPTIMIZATION_LEVEL = 0;
				GCC_PREPROCESSOR_DEFINITIONS = (
					"DEBUG=1",
					"$(inherited)",
				);
				GCC_WARN_64_TO_32_BIT_CONVERSION = YES;
				GCC_WARN_ABOUT_RETURN_TYPE = YES_ERROR;
				GCC_WARN_UNDECLARED_SELECTOR = YES;
				GCC_WARN_UNINITIALIZED_AUTOS = YES_AGGRESSIVE;
				GCC_WARN_UNUSED_FUNCTION = YES;
				GCC_WARN_UNUSED_VARIABLE = YES;
				IPHONEOS_DEPLOYMENT_TARGET = 13.1;
				MTL_ENABLE_DEBUG_INFO = INCLUDE_SOURCE;
				MTL_FAST_MATH = YES;
				ONLY_ACTIVE_ARCH = YES;
				SDKROOT = iphoneos;
				SWIFT_ACTIVE_COMPILATION_CONDITIONS = DEBUG;
				SWIFT_OPTIMIZATION_LEVEL = "-Onone";
			};
			name = Debug;
		};
		AC9E30F6237E5F9800F79DE1 /* Release */ = {
			isa = XCBuildConfiguration;
			buildSettings = {
				ALWAYS_SEARCH_USER_PATHS = NO;
				CLANG_ANALYZER_NONNULL = YES;
				CLANG_ANALYZER_NUMBER_OBJECT_CONVERSION = YES_AGGRESSIVE;
				CLANG_CXX_LANGUAGE_STANDARD = "gnu++14";
				CLANG_CXX_LIBRARY = "libc++";
				CLANG_ENABLE_MODULES = YES;
				CLANG_ENABLE_OBJC_ARC = YES;
				CLANG_ENABLE_OBJC_WEAK = YES;
				CLANG_WARN_BLOCK_CAPTURE_AUTORELEASING = YES;
				CLANG_WARN_BOOL_CONVERSION = YES;
				CLANG_WARN_COMMA = YES;
				CLANG_WARN_CONSTANT_CONVERSION = YES;
				CLANG_WARN_DEPRECATED_OBJC_IMPLEMENTATIONS = YES;
				CLANG_WARN_DIRECT_OBJC_ISA_USAGE = YES_ERROR;
				CLANG_WARN_DOCUMENTATION_COMMENTS = YES;
				CLANG_WARN_EMPTY_BODY = YES;
				CLANG_WARN_ENUM_CONVERSION = YES;
				CLANG_WARN_INFINITE_RECURSION = YES;
				CLANG_WARN_INT_CONVERSION = YES;
				CLANG_WARN_NON_LITERAL_NULL_CONVERSION = YES;
				CLANG_WARN_OBJC_IMPLICIT_RETAIN_SELF = YES;
				CLANG_WARN_OBJC_LITERAL_CONVERSION = YES;
				CLANG_WARN_OBJC_ROOT_CLASS = YES_ERROR;
				CLANG_WARN_RANGE_LOOP_ANALYSIS = YES;
				CLANG_WARN_STRICT_PROTOTYPES = YES;
				CLANG_WARN_SUSPICIOUS_MOVE = YES;
				CLANG_WARN_UNGUARDED_AVAILABILITY = YES_AGGRESSIVE;
				CLANG_WARN_UNREACHABLE_CODE = YES;
				CLANG_WARN__DUPLICATE_METHOD_MATCH = YES;
				COPY_PHASE_STRIP = NO;
				DEBUG_INFORMATION_FORMAT = "dwarf-with-dsym";
				ENABLE_NS_ASSERTIONS = NO;
				ENABLE_STRICT_OBJC_MSGSEND = YES;
				GCC_C_LANGUAGE_STANDARD = gnu11;
				GCC_NO_COMMON_BLOCKS = YES;
				GCC_WARN_64_TO_32_BIT_CONVERSION = YES;
				GCC_WARN_ABOUT_RETURN_TYPE = YES_ERROR;
				GCC_WARN_UNDECLARED_SELECTOR = YES;
				GCC_WARN_UNINITIALIZED_AUTOS = YES_AGGRESSIVE;
				GCC_WARN_UNUSED_FUNCTION = YES;
				GCC_WARN_UNUSED_VARIABLE = YES;
				IPHONEOS_DEPLOYMENT_TARGET = 13.1;
				MTL_ENABLE_DEBUG_INFO = NO;
				MTL_FAST_MATH = YES;
				SDKROOT = iphoneos;
				SWIFT_COMPILATION_MODE = wholemodule;
				SWIFT_OPTIMIZATION_LEVEL = "-O";
				VALIDATE_PRODUCT = YES;
			};
			name = Release;
		};
		AC9E30F8237E5F9800F79DE1 /* Debug */ = {
			isa = XCBuildConfiguration;
			buildSettings = {
				ASSETCATALOG_COMPILER_APPICON_NAME = AppIcon;
				CODE_SIGN_STYLE = Automatic;
				DEVELOPMENT_ASSET_PATHS = "\"SAS/Preview Content\"";
				ENABLE_PREVIEWS = YES;
				INFOPLIST_FILE = SAS/Info.plist;
				LD_RUNPATH_SEARCH_PATHS = (
					"$(inherited)",
					"@executable_path/Frameworks",
				);
				PRODUCT_BUNDLE_IDENTIFIER = LS.SAS;
				PRODUCT_NAME = "$(TARGET_NAME)";
				SWIFT_VERSION = 5.0;
				TARGETED_DEVICE_FAMILY = "1,2";
			};
			name = Debug;
		};
		AC9E30F9237E5F9800F79DE1 /* Release */ = {
			isa = XCBuildConfiguration;
			buildSettings = {
				ASSETCATALOG_COMPILER_APPICON_NAME = AppIcon;
				CODE_SIGN_STYLE = Automatic;
				DEVELOPMENT_ASSET_PATHS = "\"SAS/Preview Content\"";
				ENABLE_PREVIEWS = YES;
				INFOPLIST_FILE = SAS/Info.plist;
				LD_RUNPATH_SEARCH_PATHS = (
					"$(inherited)",
					"@executable_path/Frameworks",
				);
				PRODUCT_BUNDLE_IDENTIFIER = LS.SAS;
				PRODUCT_NAME = "$(TARGET_NAME)";
				SWIFT_VERSION = 5.0;
				TARGETED_DEVICE_FAMILY = "1,2";
			};
			name = Release;
		};
		AC9E30FB237E5F9800F79DE1 /* Debug */ = {
			isa = XCBuildConfiguration;
			buildSettings = {
				ALWAYS_EMBED_SWIFT_STANDARD_LIBRARIES = YES;
				BUNDLE_LOADER = "$(TEST_HOST)";
				CODE_SIGN_STYLE = Automatic;
				INFOPLIST_FILE = SASTests/Info.plist;
				IPHONEOS_DEPLOYMENT_TARGET = 13.1;
				LD_RUNPATH_SEARCH_PATHS = (
					"$(inherited)",
					"@executable_path/Frameworks",
					"@loader_path/Frameworks",
				);
				PRODUCT_BUNDLE_IDENTIFIER = LS.SASTests;
				PRODUCT_NAME = "$(TARGET_NAME)";
				SWIFT_VERSION = 5.0;
				TARGETED_DEVICE_FAMILY = "1,2";
				TEST_HOST = "$(BUILT_PRODUCTS_DIR)/SAS.app/SAS";
			};
			name = Debug;
		};
		AC9E30FC237E5F9800F79DE1 /* Release */ = {
			isa = XCBuildConfiguration;
			buildSettings = {
				ALWAYS_EMBED_SWIFT_STANDARD_LIBRARIES = YES;
				BUNDLE_LOADER = "$(TEST_HOST)";
				CODE_SIGN_STYLE = Automatic;
				INFOPLIST_FILE = SASTests/Info.plist;
				IPHONEOS_DEPLOYMENT_TARGET = 13.1;
				LD_RUNPATH_SEARCH_PATHS = (
					"$(inherited)",
					"@executable_path/Frameworks",
					"@loader_path/Frameworks",
				);
				PRODUCT_BUNDLE_IDENTIFIER = LS.SASTests;
				PRODUCT_NAME = "$(TARGET_NAME)";
				SWIFT_VERSION = 5.0;
				TARGETED_DEVICE_FAMILY = "1,2";
				TEST_HOST = "$(BUILT_PRODUCTS_DIR)/SAS.app/SAS";
			};
			name = Release;
		};
		AC9E30FE237E5F9800F79DE1 /* Debug */ = {
			isa = XCBuildConfiguration;
			buildSettings = {
				ALWAYS_EMBED_SWIFT_STANDARD_LIBRARIES = YES;
				CODE_SIGN_STYLE = Automatic;
				INFOPLIST_FILE = SASUITests/Info.plist;
				LD_RUNPATH_SEARCH_PATHS = (
					"$(inherited)",
					"@executable_path/Frameworks",
					"@loader_path/Frameworks",
				);
				PRODUCT_BUNDLE_IDENTIFIER = LS.SASUITests;
				PRODUCT_NAME = "$(TARGET_NAME)";
				SWIFT_VERSION = 5.0;
				TARGETED_DEVICE_FAMILY = "1,2";
				TEST_TARGET_NAME = SAS;
			};
			name = Debug;
		};
		AC9E30FF237E5F9800F79DE1 /* Release */ = {
			isa = XCBuildConfiguration;
			buildSettings = {
				ALWAYS_EMBED_SWIFT_STANDARD_LIBRARIES = YES;
				CODE_SIGN_STYLE = Automatic;
				INFOPLIST_FILE = SASUITests/Info.plist;
				LD_RUNPATH_SEARCH_PATHS = (
					"$(inherited)",
					"@executable_path/Frameworks",
					"@loader_path/Frameworks",
				);
				PRODUCT_BUNDLE_IDENTIFIER = LS.SASUITests;
				PRODUCT_NAME = "$(TARGET_NAME)";
				SWIFT_VERSION = 5.0;
				TARGETED_DEVICE_FAMILY = "1,2";
				TEST_TARGET_NAME = SAS;
			};
			name = Release;
		};
/* End XCBuildConfiguration section */

/* Begin XCConfigurationList section */
		AC9E30C8237E5F9100F79DE1 /* Build configuration list for PBXProject "SAS" */ = {
			isa = XCConfigurationList;
			buildConfigurations = (
				AC9E30F5237E5F9800F79DE1 /* Debug */,
				AC9E30F6237E5F9800F79DE1 /* Release */,
			);
			defaultConfigurationIsVisible = 0;
			defaultConfigurationName = Release;
		};
		AC9E30F7237E5F9800F79DE1 /* Build configuration list for PBXNativeTarget "SAS" */ = {
			isa = XCConfigurationList;
			buildConfigurations = (
				AC9E30F8237E5F9800F79DE1 /* Debug */,
				AC9E30F9237E5F9800F79DE1 /* Release */,
			);
			defaultConfigurationIsVisible = 0;
			defaultConfigurationName = Release;
		};
		AC9E30FA237E5F9800F79DE1 /* Build configuration list for PBXNativeTarget "SASTests" */ = {
			isa = XCConfigurationList;
			buildConfigurations = (
				AC9E30FB237E5F9800F79DE1 /* Debug */,
				AC9E30FC237E5F9800F79DE1 /* Release */,
			);
			defaultConfigurationIsVisible = 0;
			defaultConfigurationName = Release;
		};
		AC9E30FD237E5F9800F79DE1 /* Build configuration list for PBXNativeTarget "SASUITests" */ = {
			isa = XCConfigurationList;
			buildConfigurations = (
				AC9E30FE237E5F9800F79DE1 /* Debug */,
				AC9E30FF237E5F9800F79DE1 /* Release */,
			);
			defaultConfigurationIsVisible = 0;
			defaultConfigurationName = Release;
		};
/* End XCConfigurationList section */
	};
	rootObject = AC9E30C5237E5F9100F79DE1 /* Project object */;
}
